<?xml version="1.0" encoding="utf-8"?>
<Project ToolsVersion="4.0" xmlns="http://schemas.microsoft.com/developer/msbuild/2003">
  <ItemGroup>
    <Filter Include="ソース ファイル">
      <UniqueIdentifier>{4FC737F1-C7A5-4376-A066-2A32D752A2FF}</UniqueIdentifier>
      <Extensions>cpp;c;cc;cxx;c++;cppm;ixx;def;odl;idl;hpj;bat;asm;asmx</Extensions>
    </Filter>
    <Filter Include="ヘッダー ファイル">
      <UniqueIdentifier>{93995380-89BD-4b04-88EB-625FBE52EBFB}</UniqueIdentifier>
      <Extensions>h;hh;hpp;hxx;h++;hm;inl;inc;ipp;xsd</Extensions>
    </Filter>
    <Filter Include="リソース ファイル">
      <UniqueIdentifier>{67DA6AB6-F800-4c08-8B7A-83BB121AAD01}</UniqueIdentifier>
      <Extensions>rc;ico;cur;bmp;dlg;rc2;rct;bin;rgs;gif;jpg;jpeg;jpe;resx;tiff;tif;png;wav;mfcribbon-ms</Extensions>
    </Filter>
    <Filter Include="Matrix">
      <UniqueIdentifier>{d6f473fa-6e13-485e-b512-1a7efb6c577e}</UniqueIdentifier>
    </Filter>
    <Filter Include="Vector">
      <UniqueIdentifier>{1c25abe1-2240-47f0-b0e1-8e3da4e10c0c}</UniqueIdentifier>
    </Filter>
    <Filter Include="Quaternion">
      <UniqueIdentifier>{55056fd3-94d2-4d18-b7a2-5c723e16b02f}</UniqueIdentifier>
    </Filter>
  </ItemGroup>
  <ItemGroup>
    <ClInclude Include="Math\include\Matrix\Matrix4x3.h">
      <Filter>Matrix</Filter>
    </ClInclude>
    <ClInclude Include="Math\include\Matrix\Matrix4x4.h">
      <Filter>Matrix</Filter>
    </ClInclude>
    <ClInclude Include="Math\include\Quaternion\Quaternion.h">
      <Filter>Quaternion</Filter>
    </ClInclude>
    <ClInclude Include="Math\include\Vector\Vector2.h">
      <Filter>Vector</Filter>
    </ClInclude>
    <ClInclude Include="Math\include\Vector\Vector3.h">
      <Filter>Vector</Filter>
    </ClInclude>
    <ClInclude Include="Math\include\Math.hpp">
      <Filter>ヘッダー ファイル</Filter>
    </ClInclude>
  </ItemGroup>
  <ItemGroup>
    <ClCompile Include="Math\src\Matrix\Matrix4x4.cpp">
      <Filter>Matrix</Filter>
    </ClCompile>
    <ClCompile Include="Math\src\Quaternion\Quaternion.cpp">
      <Filter>Quaternion</Filter>
    </ClCompile>
    <ClCompile Include="Math\src\Vector\Vector2.cpp">
      <Filter>Vector</Filter>
    </ClCompile>
    <ClCompile Include="Math\src\Vector\Vector3.cpp">
      <Filter>Vector</Filter>
    </ClCompile>
    <ClCompile Include="Test\MathLib.cpp">
      <Filter>ソース ファイル</Filter>
    </ClCompile>
    <ClCompile Include="Math\src\Matrix\Matrix4x3.cpp">
      <Filter>ソース ファイル</Filter>
    </ClCompile>
    <ClCompile Include="Test\main.cpp">
      <Filter>ソース ファイル</Filter>
    </ClCompile>
    <ClCompile Include="Test\Test_Vector2.cpp">
      <Filter>ソース ファイル</Filter>
    </ClCompile>
    <ClCompile Include="Test\Test_Vector3.cpp">
      <Filter>ソース ファイル</Filter>
    </ClCompile>
    <ClCompile Include="Test\Test_Quaternion.cpp">
      <Filter>ソース ファイル</Filter>
    </ClCompile>
  </ItemGroup>
</Project>